
Microsoft Visual Studio Solution File, Format Version 12.00
# Visual Studio Version 17
VisualStudioVersion = 17.6.33829.357
MinimumVisualStudioVersion = 10.0.40219.1
Project("{FAE04EC0-301F-11D3-BF4B-00C04F79EFBC}") = "SDT_TareaModeloNegocio", "SDT_TareaModeloNegocio.csproj", "{ED1136EC-6406-496C-96F0-A138AD5ABB00}"
EndProject
Global
	GlobalSection(SolutionConfigurationPlatforms) = preSolution
		Debug|Any CPU = Debug|Any CPU
		Release|Any CPU = Release|Any CPU
	EndGlobalSection
	GlobalSection(ProjectConfigurationPlatforms) = postSolution
		{ED1136EC-6406-496C-96F0-A138AD5ABB00}.Debug|Any CPU.ActiveCfg = Debug|Any CPU
		{ED1136EC-6406-496C-96F0-A138AD5ABB00}.Debug|Any CPU.Build.0 = Debug|Any CPU
		{ED1136EC-6406-496C-96F0-A138AD5ABB00}.Release|Any CPU.ActiveCfg = Release|Any CPU
		{ED1136EC-6406-496C-96F0-A138AD5ABB00}.Release|Any CPU.Build.0 = Release|Any CPU
	EndGlobalSection
	GlobalSection(SolutionProperties) = preSolution
		HideSolutionNode = FALSE
	EndGlobalSection
	GlobalSection(ExtensibilityGlobals) = postSolution
		SolutionGuid = {8B1908A7-9194-4403-862C-5AFE1F5359DA}
	EndGlobalSection
EndGlobal
