
Microsoft Visual Studio Solution File, Format Version 12.00
# Visual Studio Version 17
VisualStudioVersion = 17.6.33723.286
MinimumVisualStudioVersion = 10.0.40219.1
Project("{FAE04EC0-301F-11D3-BF4B-00C04F79EFBC}") = "SDT_Tarea3", "SDT_Tarea3.csproj", "{3C87E793-3F99-4F6B-9DDC-1F211EACF7AA}"
EndProject
Global
	GlobalSection(SolutionConfigurationPlatforms) = preSolution
		Debug|Any CPU = Debug|Any CPU
		Release|Any CPU = Release|Any CPU
	EndGlobalSection
	GlobalSection(ProjectConfigurationPlatforms) = postSolution
		{3C87E793-3F99-4F6B-9DDC-1F211EACF7AA}.Debug|Any CPU.ActiveCfg = Debug|Any CPU
		{3C87E793-3F99-4F6B-9DDC-1F211EACF7AA}.Debug|Any CPU.Build.0 = Debug|Any CPU
		{3C87E793-3F99-4F6B-9DDC-1F211EACF7AA}.Release|Any CPU.ActiveCfg = Release|Any CPU
		{3C87E793-3F99-4F6B-9DDC-1F211EACF7AA}.Release|Any CPU.Build.0 = Release|Any CPU
	EndGlobalSection
	GlobalSection(SolutionProperties) = preSolution
		HideSolutionNode = FALSE
	EndGlobalSection
	GlobalSection(ExtensibilityGlobals) = postSolution
		SolutionGuid = {EBE883C0-60E2-46E5-84CB-9D6C8ECECA84}
	EndGlobalSection
EndGlobal
